
Microsoft Visual Studio Solution File, Format Version 12.00
# Visual Studio Version 17
VisualStudioVersion = 17.11.35327.3
MinimumVisualStudioVersion = 10.0.40219.1
Project("{FAE04EC0-301F-11D3-BF4B-00C04F79EFBC}") = "SupplyChain.Server", "SupplyChain.Server\SupplyChain.Server.csproj", "{14FB4CC5-0845-47FD-8B58-1062BE0FA480}"
EndProject
Project("{54A90642-561A-4BB1-A94E-469ADEE60C69}") = "supplychain.client", "supplychain.client\supplychain.client.esproj", "{A6B5FBA8-E035-4620-891F-BAF8D4F8C5C5}"
EndProject
Global
	GlobalSection(SolutionConfigurationPlatforms) = preSolution
		Debug|Any CPU = Debug|Any CPU
		Release|Any CPU = Release|Any CPU
	EndGlobalSection
	GlobalSection(ProjectConfigurationPlatforms) = postSolution
		{14FB4CC5-0845-47FD-8B58-1062BE0FA480}.Debug|Any CPU.ActiveCfg = Debug|Any CPU
		{14FB4CC5-0845-47FD-8B58-1062BE0FA480}.Debug|Any CPU.Build.0 = Debug|Any CPU
		{14FB4CC5-0845-47FD-8B58-1062BE0FA480}.Release|Any CPU.ActiveCfg = Release|Any CPU
		{14FB4CC5-0845-47FD-8B58-1062BE0FA480}.Release|Any CPU.Build.0 = Release|Any CPU
		{A6B5FBA8-E035-4620-891F-BAF8D4F8C5C5}.Debug|Any CPU.ActiveCfg = Debug|Any CPU
		{A6B5FBA8-E035-4620-891F-BAF8D4F8C5C5}.Debug|Any CPU.Build.0 = Debug|Any CPU
		{A6B5FBA8-E035-4620-891F-BAF8D4F8C5C5}.Debug|Any CPU.Deploy.0 = Debug|Any CPU
		{A6B5FBA8-E035-4620-891F-BAF8D4F8C5C5}.Release|Any CPU.ActiveCfg = Release|Any CPU
		{A6B5FBA8-E035-4620-891F-BAF8D4F8C5C5}.Release|Any CPU.Build.0 = Release|Any CPU
		{A6B5FBA8-E035-4620-891F-BAF8D4F8C5C5}.Release|Any CPU.Deploy.0 = Release|Any CPU
	EndGlobalSection
	GlobalSection(SolutionProperties) = preSolution
		HideSolutionNode = FALSE
	EndGlobalSection
	GlobalSection(ExtensibilityGlobals) = postSolution
		SolutionGuid = {8E06832F-60EC-45F4-B004-F06A98B44FD1}
	EndGlobalSection
EndGlobal
